// !$*UTF8*$!
{
	archiveVersion = 1;
	classes = {
	};
	objectVersion = 56;
	objects = {

/* Begin PBXBuildFile section */
		645AED742D77F8D400F3EB10 /* ChangeColorButtonStyle.swift in Sources */ = {isa = PBXBuildFile; fileRef = 645AED732D77F8D400F3EB10 /* ChangeColorButtonStyle.swift */; };
		645AED772D77FE7600F3EB10 /* SecondView.swift in Sources */ = {isa = PBXBuildFile; fileRef = 645AED762D77FE7600F3EB10 /* SecondView.swift */; };
		64D9E7022D77728400C34C6E /* PokeDexSwiftApp.swift in Sources */ = {isa = PBXBuildFile; fileRef = 64D9E7012D77728400C34C6E /* PokeDexSwiftApp.swift */; };
		64D9E7042D77728400C34C6E /* ContentView.swift in Sources */ = {isa = PBXBuildFile; fileRef = 64D9E7032D77728400C34C6E /* ContentView.swift */; };
		64D9E7062D77728500C34C6E /* Assets.xcassets in Resources */ = {isa = PBXBuildFile; fileRef = 64D9E7052D77728500C34C6E /* Assets.xcassets */; };
		64D9E70A2D77728500C34C6E /* Preview Assets.xcassets in Resources */ = {isa = PBXBuildFile; fileRef = 64D9E7092D77728500C34C6E /* Preview Assets.xcassets */; };
		64D9E7142D77728500C34C6E /* PokeDexSwiftTests.swift in Sources */ = {isa = PBXBuildFile; fileRef = 64D9E7132D77728500C34C6E /* PokeDexSwiftTests.swift */; };
		64D9E71E2D77728500C34C6E /* PokeDexSwiftUITests.swift in Sources */ = {isa = PBXBuildFile; fileRef = 64D9E71D2D77728500C34C6E /* PokeDexSwiftUITests.swift */; };
		64D9E7202D77728500C34C6E /* PokeDexSwiftUITestsLaunchTests.swift in Sources */ = {isa = PBXBuildFile; fileRef = 64D9E71F2D77728500C34C6E /* PokeDexSwiftUITestsLaunchTests.swift */; };
		64D9E72E2D777C6A00C34C6E /* PokemonStruct.swift in Sources */ = {isa = PBXBuildFile; fileRef = 64D9E72D2D777C6A00C34C6E /* PokemonStruct.swift */; };
		64D9E7312D77818B00C34C6E /* PokemonService.swift in Sources */ = {isa = PBXBuildFile; fileRef = 64D9E7302D77818B00C34C6E /* PokemonService.swift */; };
		64D9E7342D77881E00C34C6E /* NavigationService.swift in Sources */ = {isa = PBXBuildFile; fileRef = 64D9E7332D77881E00C34C6E /* NavigationService.swift */; };
/* End PBXBuildFile section */

/* Begin PBXContainerItemProxy section */
		64D9E7102D77728500C34C6E /* PBXContainerItemProxy */ = {
			isa = PBXContainerItemProxy;
			containerPortal = 64D9E6F62D77728400C34C6E /* Project object */;
			proxyType = 1;
			remoteGlobalIDString = 64D9E6FD2D77728400C34C6E;
			remoteInfo = PokeDexSwift;
		};
		64D9E71A2D77728500C34C6E /* PBXContainerItemProxy */ = {
			isa = PBXContainerItemProxy;
			containerPortal = 64D9E6F62D77728400C34C6E /* Project object */;
			proxyType = 1;
			remoteGlobalIDString = 64D9E6FD2D77728400C34C6E;
			remoteInfo = PokeDexSwift;
		};
/* End PBXContainerItemProxy section */

/* Begin PBXFileReference section */
		645AED732D77F8D400F3EB10 /* ChangeColorButtonStyle.swift */ = {isa = PBXFileReference; lastKnownFileType = sourcecode.swift; path = ChangeColorButtonStyle.swift; sourceTree = "<group>"; };
		645AED762D77FE7600F3EB10 /* SecondView.swift */ = {isa = PBXFileReference; lastKnownFileType = sourcecode.swift; path = SecondView.swift; sourceTree = "<group>"; };
		64D9E6FE2D77728400C34C6E /* PokeDexSwift.app */ = {isa = PBXFileReference; explicitFileType = wrapper.application; includeInIndex = 0; path = PokeDexSwift.app; sourceTree = BUILT_PRODUCTS_DIR; };
		64D9E7012D77728400C34C6E /* PokeDexSwiftApp.swift */ = {isa = PBXFileReference; lastKnownFileType = sourcecode.swift; path = PokeDexSwiftApp.swift; sourceTree = "<group>"; };
		64D9E7032D77728400C34C6E /* ContentView.swift */ = {isa = PBXFileReference; lastKnownFileType = sourcecode.swift; path = ContentView.swift; sourceTree = "<group>"; };
		64D9E7052D77728500C34C6E /* Assets.xcassets */ = {isa = PBXFileReference; lastKnownFileType = folder.assetcatalog; path = Assets.xcassets; sourceTree = "<group>"; };
		64D9E7072D77728500C34C6E /* PokeDexSwift.entitlements */ = {isa = PBXFileReference; lastKnownFileType = text.plist.entitlements; path = PokeDexSwift.entitlements; sourceTree = "<group>"; };
		64D9E7092D77728500C34C6E /* Preview Assets.xcassets */ = {isa = PBXFileReference; lastKnownFileType = folder.assetcatalog; path = "Preview Assets.xcassets"; sourceTree = "<group>"; };
		64D9E70F2D77728500C34C6E /* PokeDexSwiftTests.xctest */ = {isa = PBXFileReference; explicitFileType = wrapper.cfbundle; includeInIndex = 0; path = PokeDexSwiftTests.xctest; sourceTree = BUILT_PRODUCTS_DIR; };
		64D9E7132D77728500C34C6E /* PokeDexSwiftTests.swift */ = {isa = PBXFileReference; lastKnownFileType = sourcecode.swift; path = PokeDexSwiftTests.swift; sourceTree = "<group>"; };
		64D9E7192D77728500C34C6E /* PokeDexSwiftUITests.xctest */ = {isa = PBXFileReference; explicitFileType = wrapper.cfbundle; includeInIndex = 0; path = PokeDexSwiftUITests.xctest; sourceTree = BUILT_PRODUCTS_DIR; };
		64D9E71D2D77728500C34C6E /* PokeDexSwiftUITests.swift */ = {isa = PBXFileReference; lastKnownFileType = sourcecode.swift; path = PokeDexSwiftUITests.swift; sourceTree = "<group>"; };
		64D9E71F2D77728500C34C6E /* PokeDexSwiftUITestsLaunchTests.swift */ = {isa = PBXFileReference; lastKnownFileType = sourcecode.swift; path = PokeDexSwiftUITestsLaunchTests.swift; sourceTree = "<group>"; };
		64D9E72D2D777C6A00C34C6E /* PokemonStruct.swift */ = {isa = PBXFileReference; lastKnownFileType = sourcecode.swift; path = PokemonStruct.swift; sourceTree = "<group>"; };
		64D9E7302D77818B00C34C6E /* PokemonService.swift */ = {isa = PBXFileReference; lastKnownFileType = sourcecode.swift; path = PokemonService.swift; sourceTree = "<group>"; };
		64D9E7332D77881E00C34C6E /* NavigationService.swift */ = {isa = PBXFileReference; lastKnownFileType = sourcecode.swift; path = NavigationService.swift; sourceTree = "<group>"; };
/* End PBXFileReference section */

/* Begin PBXFrameworksBuildPhase section */
		64D9E6FB2D77728400C34C6E /* Frameworks */ = {
			isa = PBXFrameworksBuildPhase;
			buildActionMask = 2147483647;
			files = (
			);
			runOnlyForDeploymentPostprocessing = 0;
		};
		64D9E70C2D77728500C34C6E /* Frameworks */ = {
			isa = PBXFrameworksBuildPhase;
			buildActionMask = 2147483647;
			files = (
			);
			runOnlyForDeploymentPostprocessing = 0;
		};
		64D9E7162D77728500C34C6E /* Frameworks */ = {
			isa = PBXFrameworksBuildPhase;
			buildActionMask = 2147483647;
			files = (
			);
			runOnlyForDeploymentPostprocessing = 0;
		};
/* End PBXFrameworksBuildPhase section */

/* Begin PBXGroup section */
		645AED722D77F8C600F3EB10 /* Structs */ = {
			isa = PBXGroup;
			children = (
				645AED732D77F8D400F3EB10 /* ChangeColorButtonStyle.swift */,
			);
			path = Structs;
			sourceTree = "<group>";
		};
		645AED752D77FE6600F3EB10 /* Views */ = {
			isa = PBXGroup;
			children = (
				645AED762D77FE7600F3EB10 /* SecondView.swift */,
			);
			path = Views;
			sourceTree = "<group>";
		};
		64D9E6F52D77728400C34C6E = {
			isa = PBXGroup;
			children = (
				64D9E7002D77728400C34C6E /* PokeDexSwift */,
				64D9E7122D77728500C34C6E /* PokeDexSwiftTests */,
				64D9E71C2D77728500C34C6E /* PokeDexSwiftUITests */,
				64D9E6FF2D77728400C34C6E /* Products */,
			);
			sourceTree = "<group>";
		};
		64D9E6FF2D77728400C34C6E /* Products */ = {
			isa = PBXGroup;
			children = (
				64D9E6FE2D77728400C34C6E /* PokeDexSwift.app */,
				64D9E70F2D77728500C34C6E /* PokeDexSwiftTests.xctest */,
				64D9E7192D77728500C34C6E /* PokeDexSwiftUITests.xctest */,
			);
			name = Products;
			sourceTree = "<group>";
		};
		64D9E7002D77728400C34C6E /* PokeDexSwift */ = {
			isa = PBXGroup;
			children = (
				645AED752D77FE6600F3EB10 /* Views */,
				645AED722D77F8C600F3EB10 /* Structs */,
				64D9E7322D77879B00C34C6E /* ViewModels */,
				64D9E72F2D777C8100C34C6E /* Services */,
				64D9E72C2D777C5000C34C6E /* Models */,
				64D9E7012D77728400C34C6E /* PokeDexSwiftApp.swift */,
				64D9E7032D77728400C34C6E /* ContentView.swift */,
				64D9E7052D77728500C34C6E /* Assets.xcassets */,
				64D9E7072D77728500C34C6E /* PokeDexSwift.entitlements */,
				64D9E7082D77728500C34C6E /* Preview Content */,
			);
			path = PokeDexSwift;
			sourceTree = "<group>";
		};
		64D9E7082D77728500C34C6E /* Preview Content */ = {
			isa = PBXGroup;
			children = (
				64D9E7092D77728500C34C6E /* Preview Assets.xcassets */,
			);
			path = "Preview Content";
			sourceTree = "<group>";
		};
		64D9E7122D77728500C34C6E /* PokeDexSwiftTests */ = {
			isa = PBXGroup;
			children = (
				64D9E7132D77728500C34C6E /* PokeDexSwiftTests.swift */,
			);
			path = PokeDexSwiftTests;
			sourceTree = "<group>";
		};
		64D9E71C2D77728500C34C6E /* PokeDexSwiftUITests */ = {
			isa = PBXGroup;
			children = (
				64D9E71D2D77728500C34C6E /* PokeDexSwiftUITests.swift */,
				64D9E71F2D77728500C34C6E /* PokeDexSwiftUITestsLaunchTests.swift */,
			);
			path = PokeDexSwiftUITests;
			sourceTree = "<group>";
		};
		64D9E72C2D777C5000C34C6E /* Models */ = {
			isa = PBXGroup;
			children = (
				64D9E72D2D777C6A00C34C6E /* PokemonStruct.swift */,
			);
			path = Models;
			sourceTree = "<group>";
		};
		64D9E72F2D777C8100C34C6E /* Services */ = {
			isa = PBXGroup;
			children = (
				64D9E7302D77818B00C34C6E /* PokemonService.swift */,
				64D9E7332D77881E00C34C6E /* NavigationService.swift */,
			);
			path = Services;
			sourceTree = "<group>";
		};
		64D9E7322D77879B00C34C6E /* ViewModels */ = {
			isa = PBXGroup;
			children = (
			);
			path = ViewModels;
			sourceTree = "<group>";
		};
/* End PBXGroup section */

/* Begin PBXNativeTarget section */
		64D9E6FD2D77728400C34C6E /* PokeDexSwift */ = {
			isa = PBXNativeTarget;
			buildConfigurationList = 64D9E7232D77728500C34C6E /* Build configuration list for PBXNativeTarget "PokeDexSwift" */;
			buildPhases = (
				64D9E6FA2D77728400C34C6E /* Sources */,
				64D9E6FB2D77728400C34C6E /* Frameworks */,
				64D9E6FC2D77728400C34C6E /* Resources */,
			);
			buildRules = (
			);
			dependencies = (
			);
			name = PokeDexSwift;
			productName = PokeDexSwift;
			productReference = 64D9E6FE2D77728400C34C6E /* PokeDexSwift.app */;
			productType = "com.apple.product-type.application";
		};
		64D9E70E2D77728500C34C6E /* PokeDexSwiftTests */ = {
			isa = PBXNativeTarget;
			buildConfigurationList = 64D9E7262D77728500C34C6E /* Build configuration list for PBXNativeTarget "PokeDexSwiftTests" */;
			buildPhases = (
				64D9E70B2D77728500C34C6E /* Sources */,
				64D9E70C2D77728500C34C6E /* Frameworks */,
				64D9E70D2D77728500C34C6E /* Resources */,
			);
			buildRules = (
			);
			dependencies = (
				64D9E7112D77728500C34C6E /* PBXTargetDependency */,
			);
			name = PokeDexSwiftTests;
			productName = PokeDexSwiftTests;
			productReference = 64D9E70F2D77728500C34C6E /* PokeDexSwiftTests.xctest */;
			productType = "com.apple.product-type.bundle.unit-test";
		};
		64D9E7182D77728500C34C6E /* PokeDexSwiftUITests */ = {
			isa = PBXNativeTarget;
			buildConfigurationList = 64D9E7292D77728500C34C6E /* Build configuration list for PBXNativeTarget "PokeDexSwiftUITests" */;
			buildPhases = (
				64D9E7152D77728500C34C6E /* Sources */,
				64D9E7162D77728500C34C6E /* Frameworks */,
				64D9E7172D77728500C34C6E /* Resources */,
			);
			buildRules = (
			);
			dependencies = (
				64D9E71B2D77728500C34C6E /* PBXTargetDependency */,
			);
			name = PokeDexSwiftUITests;
			productName = PokeDexSwiftUITests;
			productReference = 64D9E7192D77728500C34C6E /* PokeDexSwiftUITests.xctest */;
			productType = "com.apple.product-type.bundle.ui-testing";
		};
/* End PBXNativeTarget section */

/* Begin PBXProject section */
		64D9E6F62D77728400C34C6E /* Project object */ = {
			isa = PBXProject;
			attributes = {
				BuildIndependentTargetsInParallel = 1;
				LastSwiftUpdateCheck = 1540;
				LastUpgradeCheck = 1540;
				TargetAttributes = {
					64D9E6FD2D77728400C34C6E = {
						CreatedOnToolsVersion = 15.4;
					};
					64D9E70E2D77728500C34C6E = {
						CreatedOnToolsVersion = 15.4;
						TestTargetID = 64D9E6FD2D77728400C34C6E;
					};
					64D9E7182D77728500C34C6E = {
						CreatedOnToolsVersion = 15.4;
						TestTargetID = 64D9E6FD2D77728400C34C6E;
					};
				};
			};
			buildConfigurationList = 64D9E6F92D77728400C34C6E /* Build configuration list for PBXProject "PokeDexSwift" */;
			compatibilityVersion = "Xcode 14.0";
			developmentRegion = en;
			hasScannedForEncodings = 0;
			knownRegions = (
				en,
				Base,
			);
			mainGroup = 64D9E6F52D77728400C34C6E;
			productRefGroup = 64D9E6FF2D77728400C34C6E /* Products */;
			projectDirPath = "";
			projectRoot = "";
			targets = (
				64D9E6FD2D77728400C34C6E /* PokeDexSwift */,
				64D9E70E2D77728500C34C6E /* PokeDexSwiftTests */,
				64D9E7182D77728500C34C6E /* PokeDexSwiftUITests */,
			);
		};
/* End PBXProject section */

/* Begin PBXResourcesBuildPhase section */
		64D9E6FC2D77728400C34C6E /* Resources */ = {
			isa = PBXResourcesBuildPhase;
			buildActionMask = 2147483647;
			files = (
				64D9E70A2D77728500C34C6E /* Preview Assets.xcassets in Resources */,
				64D9E7062D77728500C34C6E /* Assets.xcassets in Resources */,
			);
			runOnlyForDeploymentPostprocessing = 0;
		};
		64D9E70D2D77728500C34C6E /* Resources */ = {
			isa = PBXResourcesBuildPhase;
			buildActionMask = 2147483647;
			files = (
			);
			runOnlyForDeploymentPostprocessing = 0;
		};
		64D9E7172D77728500C34C6E /* Resources */ = {
			isa = PBXResourcesBuildPhase;
			buildActionMask = 2147483647;
			files = (
			);
			runOnlyForDeploymentPostprocessing = 0;
		};
/* End PBXResourcesBuildPhase section */

/* Begin PBXSourcesBuildPhase section */
		64D9E6FA2D77728400C34C6E /* Sources */ = {
			isa = PBXSourcesBuildPhase;
			buildActionMask = 2147483647;
			files = (
				645AED772D77FE7600F3EB10 /* SecondView.swift in Sources */,
				64D9E7342D77881E00C34C6E /* NavigationService.swift in Sources */,
				645AED742D77F8D400F3EB10 /* ChangeColorButtonStyle.swift in Sources */,
				64D9E72E2D777C6A00C34C6E /* PokemonStruct.swift in Sources */,
				64D9E7312D77818B00C34C6E /* PokemonService.swift in Sources */,
				64D9E7042D77728400C34C6E /* ContentView.swift in Sources */,
				64D9E7022D77728400C34C6E /* PokeDexSwiftApp.swift in Sources */,
			);
			runOnlyForDeploymentPostprocessing = 0;
		};
		64D9E70B2D77728500C34C6E /* Sources */ = {
			isa = PBXSourcesBuildPhase;
			buildActionMask = 2147483647;
			files = (
				64D9E7142D77728500C34C6E /* PokeDexSwiftTests.swift in Sources */,
			);
			runOnlyForDeploymentPostprocessing = 0;
		};
		64D9E7152D77728500C34C6E /* Sources */ = {
			isa = PBXSourcesBuildPhase;
			buildActionMask = 2147483647;
			files = (
				64D9E71E2D77728500C34C6E /* PokeDexSwiftUITests.swift in Sources */,
				64D9E7202D77728500C34C6E /* PokeDexSwiftUITestsLaunchTests.swift in Sources */,
			);
			runOnlyForDeploymentPostprocessing = 0;
		};
/* End PBXSourcesBuildPhase section */

/* Begin PBXTargetDependency section */
		64D9E7112D77728500C34C6E /* PBXTargetDependency */ = {
			isa = PBXTargetDependency;
			target = 64D9E6FD2D77728400C34C6E /* PokeDexSwift */;
			targetProxy = 64D9E7102D77728500C34C6E /* PBXContainerItemProxy */;
		};
		64D9E71B2D77728500C34C6E /* PBXTargetDependency */ = {
			isa = PBXTargetDependency;
			target = 64D9E6FD2D77728400C34C6E /* PokeDexSwift */;
			targetProxy = 64D9E71A2D77728500C34C6E /* PBXContainerItemProxy */;
		};
/* End PBXTargetDependency section */

/* Begin XCBuildConfiguration section */
		64D9E7212D77728500C34C6E /* Debug */ = {
			isa = XCBuildConfiguration;
			buildSettings = {
				ALWAYS_SEARCH_USER_PATHS = NO;
				ASSETCATALOG_COMPILER_GENERATE_SWIFT_ASSET_SYMBOL_EXTENSIONS = YES;
				CLANG_ANALYZER_NONNULL = YES;
				CLANG_ANALYZER_NUMBER_OBJECT_CONVERSION = YES_AGGRESSIVE;
				CLANG_CXX_LANGUAGE_STANDARD = "gnu++20";
				CLANG_ENABLE_MODULES = YES;
				CLANG_ENABLE_OBJC_ARC = YES;
				CLANG_ENABLE_OBJC_WEAK = YES;
				CLANG_WARN_BLOCK_CAPTURE_AUTORELEASING = YES;
				CLANG_WARN_BOOL_CONVERSION = YES;
				CLANG_WARN_COMMA = YES;
				CLANG_WARN_CONSTANT_CONVERSION = YES;
				CLANG_WARN_DEPRECATED_OBJC_IMPLEMENTATIONS = YES;
				CLANG_WARN_DIRECT_OBJC_ISA_USAGE = YES_ERROR;
				CLANG_WARN_DOCUMENTATION_COMMENTS = YES;
				CLANG_WARN_EMPTY_BODY = YES;
				CLANG_WARN_ENUM_CONVERSION = YES;
				CLANG_WARN_INFINITE_RECURSION = YES;
				CLANG_WARN_INT_CONVERSION = YES;
				CLANG_WARN_NON_LITERAL_NULL_CONVERSION = YES;
				CLANG_WARN_OBJC_IMPLICIT_RETAIN_SELF = YES;
				CLANG_WARN_OBJC_LITERAL_CONVERSION = YES;
				CLANG_WARN_OBJC_ROOT_CLASS = YES_ERROR;
				CLANG_WARN_QUOTED_INCLUDE_IN_FRAMEWORK_HEADER = YES;
				CLANG_WARN_RANGE_LOOP_ANALYSIS = YES;
				CLANG_WARN_STRICT_PROTOTYPES = YES;
				CLANG_WARN_SUSPICIOUS_MOVE = YES;
				CLANG_WARN_UNGUARDED_AVAILABILITY = YES_AGGRESSIVE;
				CLANG_WARN_UNREACHABLE_CODE = YES;
				CLANG_WARN__DUPLICATE_METHOD_MATCH = YES;
				COPY_PHASE_STRIP = NO;
				DEBUG_INFORMATION_FORMAT = dwarf;
				ENABLE_STRICT_OBJC_MSGSEND = YES;
				ENABLE_TESTABILITY = YES;
				ENABLE_USER_SCRIPT_SANDBOXING = YES;
				GCC_C_LANGUAGE_STANDARD = gnu17;
				GCC_DYNAMIC_NO_PIC = NO;
				GCC_NO_COMMON_BLOCKS = YES;
				GCC_OPTIMIZATION_LEVEL = 0;
				GCC_PREPROCESSOR_DEFINITIONS = (
					"DEBUG=1",
					"$(inherited)",
				);
				GCC_WARN_64_TO_32_BIT_CONVERSION = YES;
				GCC_WARN_ABOUT_RETURN_TYPE = YES_ERROR;
				GCC_WARN_UNDECLARED_SELECTOR = YES;
				GCC_WARN_UNINITIALIZED_AUTOS = YES_AGGRESSIVE;
				GCC_WARN_UNUSED_FUNCTION = YES;
				GCC_WARN_UNUSED_VARIABLE = YES;
				LOCALIZATION_PREFERS_STRING_CATALOGS = YES;
				MTL_ENABLE_DEBUG_INFO = INCLUDE_SOURCE;
				MTL_FAST_MATH = YES;
				ONLY_ACTIVE_ARCH = YES;
				SWIFT_ACTIVE_COMPILATION_CONDITIONS = "DEBUG $(inherited)";
				SWIFT_OPTIMIZATION_LEVEL = "-Onone";
			};
			name = Debug;
		};
		64D9E7222D77728500C34C6E /* Release */ = {
			isa = XCBuildConfiguration;
			buildSettings = {
				ALWAYS_SEARCH_USER_PATHS = NO;
				ASSETCATALOG_COMPILER_GENERATE_SWIFT_ASSET_SYMBOL_EXTENSIONS = YES;
				CLANG_ANALYZER_NONNULL = YES;
				CLANG_ANALYZER_NUMBER_OBJECT_CONVERSION = YES_AGGRESSIVE;
				CLANG_CXX_LANGUAGE_STANDARD = "gnu++20";
				CLANG_ENABLE_MODULES = YES;
				CLANG_ENABLE_OBJC_ARC = YES;
				CLANG_ENABLE_OBJC_WEAK = YES;
				CLANG_WARN_BLOCK_CAPTURE_AUTORELEASING = YES;
				CLANG_WARN_BOOL_CONVERSION = YES;
				CLANG_WARN_COMMA = YES;
				CLANG_WARN_CONSTANT_CONVERSION = YES;
				CLANG_WARN_DEPRECATED_OBJC_IMPLEMENTATIONS = YES;
				CLANG_WARN_DIRECT_OBJC_ISA_USAGE = YES_ERROR;
				CLANG_WARN_DOCUMENTATION_COMMENTS = YES;
				CLANG_WARN_EMPTY_BODY = YES;
				CLANG_WARN_ENUM_CONVERSION = YES;
				CLANG_WARN_INFINITE_RECURSION = YES;
				CLANG_WARN_INT_CONVERSION = YES;
				CLANG_WARN_NON_LITERAL_NULL_CONVERSION = YES;
				CLANG_WARN_OBJC_IMPLICIT_RETAIN_SELF = YES;
				CLANG_WARN_OBJC_LITERAL_CONVERSION = YES;
				CLANG_WARN_OBJC_ROOT_CLASS = YES_ERROR;
				CLANG_WARN_QUOTED_INCLUDE_IN_FRAMEWORK_HEADER = YES;
				CLANG_WARN_RANGE_LOOP_ANALYSIS = YES;
				CLANG_WARN_STRICT_PROTOTYPES = YES;
				CLANG_WARN_SUSPICIOUS_MOVE = YES;
				CLANG_WARN_UNGUARDED_AVAILABILITY = YES_AGGRESSIVE;
				CLANG_WARN_UNREACHABLE_CODE = YES;
				CLANG_WARN__DUPLICATE_METHOD_MATCH = YES;
				COPY_PHASE_STRIP = NO;
				DEBUG_INFORMATION_FORMAT = "dwarf-with-dsym";
				ENABLE_NS_ASSERTIONS = NO;
				ENABLE_STRICT_OBJC_MSGSEND = YES;
				ENABLE_USER_SCRIPT_SANDBOXING = YES;
				GCC_C_LANGUAGE_STANDARD = gnu17;
				GCC_NO_COMMON_BLOCKS = YES;
				GCC_WARN_64_TO_32_BIT_CONVERSION = YES;
				GCC_WARN_ABOUT_RETURN_TYPE = YES_ERROR;
				GCC_WARN_UNDECLARED_SELECTOR = YES;
				GCC_WARN_UNINITIALIZED_AUTOS = YES_AGGRESSIVE;
				GCC_WARN_UNUSED_FUNCTION = YES;
				GCC_WARN_UNUSED_VARIABLE = YES;
				LOCALIZATION_PREFERS_STRING_CATALOGS = YES;
				MTL_ENABLE_DEBUG_INFO = NO;
				MTL_FAST_MATH = YES;
				SWIFT_COMPILATION_MODE = wholemodule;
			};
			name = Release;
		};
		64D9E7242D77728500C34C6E /* Debug */ = {
			isa = XCBuildConfiguration;
			buildSettings = {
				ASSETCATALOG_COMPILER_APPICON_NAME = AppIcon;
				ASSETCATALOG_COMPILER_GLOBAL_ACCENT_COLOR_NAME = AccentColor;
				CODE_SIGN_ENTITLEMENTS = PokeDexSwift/PokeDexSwift.entitlements;
				CODE_SIGN_STYLE = Automatic;
				CURRENT_PROJECT_VERSION = 1;
				DEVELOPMENT_ASSET_PATHS = "\"PokeDexSwift/Preview Content\"";
				DEVELOPMENT_TEAM = 87G66HFUJK;
				ENABLE_HARDENED_RUNTIME = YES;
				ENABLE_PREVIEWS = YES;
				GENERATE_INFOPLIST_FILE = YES;
				"INFOPLIST_KEY_UIApplicationSceneManifest_Generation[sdk=iphoneos*]" = YES;
				"INFOPLIST_KEY_UIApplicationSceneManifest_Generation[sdk=iphonesimulator*]" = YES;
				"INFOPLIST_KEY_UIApplicationSupportsIndirectInputEvents[sdk=iphoneos*]" = YES;
				"INFOPLIST_KEY_UIApplicationSupportsIndirectInputEvents[sdk=iphonesimulator*]" = YES;
				"INFOPLIST_KEY_UILaunchScreen_Generation[sdk=iphoneos*]" = YES;
				"INFOPLIST_KEY_UILaunchScreen_Generation[sdk=iphonesimulator*]" = YES;
				"INFOPLIST_KEY_UIStatusBarStyle[sdk=iphoneos*]" = UIStatusBarStyleDefault;
				"INFOPLIST_KEY_UIStatusBarStyle[sdk=iphonesimulator*]" = UIStatusBarStyleDefault;
				INFOPLIST_KEY_UISupportedInterfaceOrientations_iPad = "UIInterfaceOrientationPortrait UIInterfaceOrientationPortraitUpsideDown UIInterfaceOrientationLandscapeLeft UIInterfaceOrientationLandscapeRight";
				INFOPLIST_KEY_UISupportedInterfaceOrientations_iPhone = "UIInterfaceOrientationPortrait UIInterfaceOrientationLandscapeLeft UIInterfaceOrientationLandscapeRight";
				IPHONEOS_DEPLOYMENT_TARGET = 17.5;
				LD_RUNPATH_SEARCH_PATHS = "@executable_path/Frameworks";
				"LD_RUNPATH_SEARCH_PATHS[sdk=macosx*]" = "@executable_path/../Frameworks";
				MACOSX_DEPLOYMENT_TARGET = 14.4;
				MARKETING_VERSION = 1.0;
				PRODUCT_BUNDLE_IDENTIFIER = com.pokeappetho.com.PokeDexSwift;
				PRODUCT_NAME = "$(TARGET_NAME)";
				SDKROOT = auto;
				SUPPORTED_PLATFORMS = "iphoneos iphonesimulator macosx";
				SWIFT_EMIT_LOC_STRINGS = YES;
				SWIFT_VERSION = 5.0;
				TARGETED_DEVICE_FAMILY = "1,2";
			};
			name = Debug;
		};
		64D9E7252D77728500C34C6E /* Release */ = {
			isa = XCBuildConfiguration;
			buildSettings = {
				ASSETCATALOG_COMPILER_APPICON_NAME = AppIcon;
				ASSETCATALOG_COMPILER_GLOBAL_ACCENT_COLOR_NAME = AccentColor;
				CODE_SIGN_ENTITLEMENTS = PokeDexSwift/PokeDexSwift.entitlements;
				CODE_SIGN_STYLE = Automatic;
				CURRENT_PROJECT_VERSION = 1;
				DEVELOPMENT_ASSET_PATHS = "\"PokeDexSwift/Preview Content\"";
				DEVELOPMENT_TEAM = 87G66HFUJK;
				ENABLE_HARDENED_RUNTIME = YES;
				ENABLE_PREVIEWS = YES;
				GENERATE_INFOPLIST_FILE = YES;
				"INFOPLIST_KEY_UIApplicationSceneManifest_Generation[sdk=iphoneos*]" = YES;
				"INFOPLIST_KEY_UIApplicationSceneManifest_Generation[sdk=iphonesimulator*]" = YES;
				"INFOPLIST_KEY_UIApplicationSupportsIndirectInputEvents[sdk=iphoneos*]" = YES;
				"INFOPLIST_KEY_UIApplicationSupportsIndirectInputEvents[sdk=iphonesimulator*]" = YES;
				"INFOPLIST_KEY_UILaunchScreen_Generation[sdk=iphoneos*]" = YES;
				"INFOPLIST_KEY_UILaunchScreen_Generation[sdk=iphonesimulator*]" = YES;
				"INFOPLIST_KEY_UIStatusBarStyle[sdk=iphoneos*]" = UIStatusBarStyleDefault;
				"INFOPLIST_KEY_UIStatusBarStyle[sdk=iphonesimulator*]" = UIStatusBarStyleDefault;
				INFOPLIST_KEY_UISupportedInterfaceOrientations_iPad = "UIInterfaceOrientationPortrait UIInterfaceOrientationPortraitUpsideDown UIInterfaceOrientationLandscapeLeft UIInterfaceOrientationLandscapeRight";
				INFOPLIST_KEY_UISupportedInterfaceOrientations_iPhone = "UIInterfaceOrientationPortrait UIInterfaceOrientationLandscapeLeft UIInterfaceOrientationLandscapeRight";
				IPHONEOS_DEPLOYMENT_TARGET = 17.5;
				LD_RUNPATH_SEARCH_PATHS = "@executable_path/Frameworks";
				"LD_RUNPATH_SEARCH_PATHS[sdk=macosx*]" = "@executable_path/../Frameworks";
				MACOSX_DEPLOYMENT_TARGET = 14.4;
				MARKETING_VERSION = 1.0;
				PRODUCT_BUNDLE_IDENTIFIER = com.pokeappetho.com.PokeDexSwift;
				PRODUCT_NAME = "$(TARGET_NAME)";
				SDKROOT = auto;
				SUPPORTED_PLATFORMS = "iphoneos iphonesimulator macosx";
				SWIFT_EMIT_LOC_STRINGS = YES;
				SWIFT_VERSION = 5.0;
				TARGETED_DEVICE_FAMILY = "1,2";
			};
			name = Release;
		};
		64D9E7272D77728500C34C6E /* Debug */ = {
			isa = XCBuildConfiguration;
			buildSettings = {
				ALWAYS_EMBED_SWIFT_STANDARD_LIBRARIES = YES;
				BUNDLE_LOADER = "$(TEST_HOST)";
				CODE_SIGN_STYLE = Automatic;
				CURRENT_PROJECT_VERSION = 1;
				DEVELOPMENT_TEAM = 87G66HFUJK;
				GENERATE_INFOPLIST_FILE = YES;
				IPHONEOS_DEPLOYMENT_TARGET = 17.5;
				MACOSX_DEPLOYMENT_TARGET = 14.4;
				MARKETING_VERSION = 1.0;
				PRODUCT_BUNDLE_IDENTIFIER = com.pokeappetho.com.PokeDexSwiftTests;
				PRODUCT_NAME = "$(TARGET_NAME)";
				SDKROOT = auto;
				SUPPORTED_PLATFORMS = "iphoneos iphonesimulator macosx";
				SWIFT_EMIT_LOC_STRINGS = NO;
				SWIFT_VERSION = 5.0;
				TARGETED_DEVICE_FAMILY = "1,2";
				TEST_HOST = "$(BUILT_PRODUCTS_DIR)/PokeDexSwift.app/$(BUNDLE_EXECUTABLE_FOLDER_PATH)/PokeDexSwift";
			};
			name = Debug;
		};
		64D9E7282D77728500C34C6E /* Release */ = {
			isa = XCBuildConfiguration;
			buildSettings = {
				ALWAYS_EMBED_SWIFT_STANDARD_LIBRARIES = YES;
				BUNDLE_LOADER = "$(TEST_HOST)";
				CODE_SIGN_STYLE = Automatic;
				CURRENT_PROJECT_VERSION = 1;
				DEVELOPMENT_TEAM = 87G66HFUJK;
				GENERATE_INFOPLIST_FILE = YES;
				IPHONEOS_DEPLOYMENT_TARGET = 17.5;
				MACOSX_DEPLOYMENT_TARGET = 14.4;
				MARKETING_VERSION = 1.0;
				PRODUCT_BUNDLE_IDENTIFIER = com.pokeappetho.com.PokeDexSwiftTests;
				PRODUCT_NAME = "$(TARGET_NAME)";
				SDKROOT = auto;
				SUPPORTED_PLATFORMS = "iphoneos iphonesimulator macosx";
				SWIFT_EMIT_LOC_STRINGS = NO;
				SWIFT_VERSION = 5.0;
				TARGETED_DEVICE_FAMILY = "1,2";
				TEST_HOST = "$(BUILT_PRODUCTS_DIR)/PokeDexSwift.app/$(BUNDLE_EXECUTABLE_FOLDER_PATH)/PokeDexSwift";
			};
			name = Release;
		};
		64D9E72A2D77728500C34C6E /* Debug */ = {
			isa = XCBuildConfiguration;
			buildSettings = {
				ALWAYS_EMBED_SWIFT_STANDARD_LIBRARIES = YES;
				CODE_SIGN_STYLE = Automatic;
				CURRENT_PROJECT_VERSION = 1;
				DEVELOPMENT_TEAM = 87G66HFUJK;
				GENERATE_INFOPLIST_FILE = YES;
				IPHONEOS_DEPLOYMENT_TARGET = 17.5;
				MACOSX_DEPLOYMENT_TARGET = 14.4;
				MARKETING_VERSION = 1.0;
				PRODUCT_BUNDLE_IDENTIFIER = com.pokeappetho.com.PokeDexSwiftUITests;
				PRODUCT_NAME = "$(TARGET_NAME)";
				SDKROOT = auto;
				SUPPORTED_PLATFORMS = "iphoneos iphonesimulator macosx";
				SWIFT_EMIT_LOC_STRINGS = NO;
				SWIFT_VERSION = 5.0;
				TARGETED_DEVICE_FAMILY = "1,2";
				TEST_TARGET_NAME = PokeDexSwift;
			};
			name = Debug;
		};
		64D9E72B2D77728500C34C6E /* Release */ = {
			isa = XCBuildConfiguration;
			buildSettings = {
				ALWAYS_EMBED_SWIFT_STANDARD_LIBRARIES = YES;
				CODE_SIGN_STYLE = Automatic;
				CURRENT_PROJECT_VERSION = 1;
				DEVELOPMENT_TEAM = 87G66HFUJK;
				GENERATE_INFOPLIST_FILE = YES;
				IPHONEOS_DEPLOYMENT_TARGET = 17.5;
				MACOSX_DEPLOYMENT_TARGET = 14.4;
				MARKETING_VERSION = 1.0;
				PRODUCT_BUNDLE_IDENTIFIER = com.pokeappetho.com.PokeDexSwiftUITests;
				PRODUCT_NAME = "$(TARGET_NAME)";
				SDKROOT = auto;
				SUPPORTED_PLATFORMS = "iphoneos iphonesimulator macosx";
				SWIFT_EMIT_LOC_STRINGS = NO;
				SWIFT_VERSION = 5.0;
				TARGETED_DEVICE_FAMILY = "1,2";
				TEST_TARGET_NAME = PokeDexSwift;
			};
			name = Release;
		};
/* End XCBuildConfiguration section */

/* Begin XCConfigurationList section */
		64D9E6F92D77728400C34C6E /* Build configuration list for PBXProject "PokeDexSwift" */ = {
			isa = XCConfigurationList;
			buildConfigurations = (
				64D9E7212D77728500C34C6E /* Debug */,
				64D9E7222D77728500C34C6E /* Release */,
			);
			defaultConfigurationIsVisible = 0;
			defaultConfigurationName = Release;
		};
		64D9E7232D77728500C34C6E /* Build configuration list for PBXNativeTarget "PokeDexSwift" */ = {
			isa = XCConfigurationList;
			buildConfigurations = (
				64D9E7242D77728500C34C6E /* Debug */,
				64D9E7252D77728500C34C6E /* Release */,
			);
			defaultConfigurationIsVisible = 0;
			defaultConfigurationName = Release;
		};
		64D9E7262D77728500C34C6E /* Build configuration list for PBXNativeTarget "PokeDexSwiftTests" */ = {
			isa = XCConfigurationList;
			buildConfigurations = (
				64D9E7272D77728500C34C6E /* Debug */,
				64D9E7282D77728500C34C6E /* Release */,
			);
			defaultConfigurationIsVisible = 0;
			defaultConfigurationName = Release;
		};
		64D9E7292D77728500C34C6E /* Build configuration list for PBXNativeTarget "PokeDexSwiftUITests" */ = {
			isa = XCConfigurationList;
			buildConfigurations = (
				64D9E72A2D77728500C34C6E /* Debug */,
				64D9E72B2D77728500C34C6E /* Release */,
			);
			defaultConfigurationIsVisible = 0;
			defaultConfigurationName = Release;
		};
/* End XCConfigurationList section */
	};
	rootObject = 64D9E6F62D77728400C34C6E /* Project object */;
}
